<?xml version="1.0" encoding="utf-8"?>
<Project xmlns="http://schemas.microsoft.com/developer/msbuild/2003">
  <ItemGroup>
    <Filter Include="Generated Files">
      <UniqueIdentifier>{71ED8ED8-ACB9-4CE9-BBE1-E00B30144E11}</UniqueIdentifier>
      <Extensions>cpp;c;cxx;moc;h;def;odl;idl;res;</Extensions>
    </Filter>
    <Filter Include="Generated Files">
      <UniqueIdentifier>{71ED8ED8-ACB9-4CE9-BBE1-E00B30144E11}</UniqueIdentifier>
      <Extensions>cpp;c;cxx;moc;h;def;odl;idl;res;</Extensions>
    </Filter>
    <Filter Include="Header Files">
      <UniqueIdentifier>{93995380-89BD-4b04-88EB-625FBE52EBFB}</UniqueIdentifier>
      <Extensions>h;hpp;hxx;hm;inl;inc;xsd</Extensions>
    </Filter>
    <Filter Include="Header Files">
      <UniqueIdentifier>{93995380-89BD-4b04-88EB-625FBE52EBFB}</UniqueIdentifier>
      <Extensions>h;hpp;hxx;hm;inl;inc;xsd</Extensions>
    </Filter>
    <Filter Include="Source Files">
      <UniqueIdentifier>{4FC737F1-C7A5-4376-A066-2A32D752A2FF}</UniqueIdentifier>
      <Extensions>cpp;c;cxx;def;odl;idl;hpj;bat;asm;asmx</Extensions>
    </Filter>
    <Filter Include="Source Files">
      <UniqueIdentifier>{4FC737F1-C7A5-4376-A066-2A32D752A2FF}</UniqueIdentifier>
      <Extensions>cpp;c;cxx;def;odl;idl;hpj;bat;asm;asmx</Extensions>
    </Filter>
  </ItemGroup>
  <ItemGroup>
    <ClCompile Include="applicationScene.cpp">
      <Filter>Source Files</Filter>
    </ClCompile>
    <ClCompile Include="boardrenderer.cpp">
      <Filter>Source Files</Filter>
    </ClCompile>
    <ClCompile Include="buttonGroup2D.cpp">
      <Filter>Source Files</Filter>
    </ClCompile>
    <ClCompile Include="controlSelectionButton.cpp">
      <Filter>Source Files</Filter>
    </ClCompile>
    <ClCompile Include="controlSelectionScene.cpp">
      <Filter>Source Files</Filter>
    </ClCompile>
    <ClCompile Include="flashingTextRenderer.cpp">
      <Filter>Source Files</Filter>
    </ClCompile>
    <ClCompile Include="gameOverRenderer.cpp">
      <Filter>Source Files</Filter>
    </ClCompile>
    <ClCompile Include="gameSoundPlayer.cpp">
      <Filter>Source Files</Filter>
    </ClCompile>
    <ClCompile Include="gamemenuscene.cpp">
      <Filter>Source Files</Filter>
    </ClCompile>
    <ClCompile Include="gamestartscene.cpp">
      <Filter>Source Files</Filter>
    </ClCompile>
    <ClCompile Include="main.cpp">
      <Filter>Source Files</Filter>
    </ClCompile>
    <ClCompile Include="maingamescene.cpp">
      <Filter>Source Files</Filter>
    </ClCompile>
    <ClCompile Include="pauseMenuRenderer.cpp">
      <Filter>Source Files</Filter>
    </ClCompile>
    <ClCompile Include="pieceRenderer.cpp">
      <Filter>Source Files</Filter>
    </ClCompile>
    <ClCompile Include="sceneManager.cpp">
      <Filter>Source Files</Filter>
    </ClCompile>
    <ClCompile Include="screenMapper.cpp">
      <Filter>Source Files</Filter>
    </ClCompile>
    <ClCompile Include="textRenderer.cpp">
      <Filter>Source Files</Filter>
    </ClCompile>
    <ClCompile Include="toggledbutton.cpp">
      <Filter>Source Files</Filter>
    </ClCompile>
  </ItemGroup>
  <ItemGroup>
    <CustomBuild Include="applicationScene.h">
      <Filter>Header Files</Filter>
    </CustomBuild>
    <ClInclude Include="assets.h">
      <Filter>Header Files</Filter>
    </ClInclude>
    <ClInclude Include="boardrenderer.h">
      <Filter>Header Files</Filter>
    </ClInclude>
    <CustomBuild Include="buttonGroup2D.h">
      <Filter>Header Files</Filter>
    </CustomBuild>
    <CustomBuild Include="controlSelectionButton.h">
      <Filter>Header Files</Filter>
    </CustomBuild>
    <CustomBuild Include="controlSelectionScene.h">
      <Filter>Header Files</Filter>
    </CustomBuild>
    <CustomBuild Include="flashingTextRenderer.h">
      <Filter>Header Files</Filter>
    </CustomBuild>
    <ClInclude Include="gameOverRenderer.h">
      <Filter>Header Files</Filter>
    </ClInclude>
    <ClInclude Include="gameSoundPlayer.h">
      <Filter>Header Files</Filter>
    </ClInclude>
    <CustomBuild Include="gamemenuscene.h">
      <Filter>Header Files</Filter>
    </CustomBuild>
    <ClInclude Include="gamestartscene.h">
      <Filter>Header Files</Filter>
    </ClInclude>
    <CustomBuild Include="maingamescene.h">
      <Filter>Header Files</Filter>
    </CustomBuild>
    <CustomBuild Include="pauseMenuRenderer.h">
      <Filter>Header Files</Filter>
    </CustomBuild>
    <ClInclude Include="pieceRenderer.h">
      <Filter>Header Files</Filter>
    </ClInclude>
    <CustomBuild Include="sceneManager.h">
      <Filter>Header Files</Filter>
    </CustomBuild>
    <ClInclude Include="screenMapper.h">
      <Filter>Header Files</Filter>
    </ClInclude>
    <ClInclude Include="textRenderer.h">
      <Filter>Header Files</Filter>
    </ClInclude>
    <CustomBuild Include="toggledbutton.h">
      <Filter>Header Files</Filter>
    </CustomBuild>
  </ItemGroup>
  <ItemGroup>
    <ClCompile Include="debug\moc_applicationScene.cpp">
      <Filter>Generated Files</Filter>
    </ClCompile>
    <ClCompile Include="release\moc_applicationScene.cpp">
      <Filter>Generated Files</Filter>
    </ClCompile>
    <ClCompile Include="debug\moc_buttonGroup2D.cpp">
      <Filter>Generated Files</Filter>
    </ClCompile>
    <ClCompile Include="release\moc_buttonGroup2D.cpp">
      <Filter>Generated Files</Filter>
    </ClCompile>
    <ClCompile Include="debug\moc_controlSelectionButton.cpp">
      <Filter>Generated Files</Filter>
    </ClCompile>
    <ClCompile Include="release\moc_controlSelectionButton.cpp">
      <Filter>Generated Files</Filter>
    </ClCompile>
    <ClCompile Include="debug\moc_controlSelectionScene.cpp">
      <Filter>Generated Files</Filter>
    </ClCompile>
    <ClCompile Include="release\moc_controlSelectionScene.cpp">
      <Filter>Generated Files</Filter>
    </ClCompile>
    <ClCompile Include="debug\moc_flashingTextRenderer.cpp">
      <Filter>Generated Files</Filter>
    </ClCompile>
    <ClCompile Include="release\moc_flashingTextRenderer.cpp">
      <Filter>Generated Files</Filter>
    </ClCompile>
    <ClCompile Include="debug\moc_gamemenuscene.cpp">
      <Filter>Generated Files</Filter>
    </ClCompile>
    <ClCompile Include="release\moc_gamemenuscene.cpp">
      <Filter>Generated Files</Filter>
    </ClCompile>
    <ClCompile Include="debug\moc_maingamescene.cpp">
      <Filter>Generated Files</Filter>
    </ClCompile>
    <ClCompile Include="release\moc_maingamescene.cpp">
      <Filter>Generated Files</Filter>
    </ClCompile>
    <ClCompile Include="debug\moc_pauseMenuRenderer.cpp">
      <Filter>Generated Files</Filter>
    </ClCompile>
    <ClCompile Include="release\moc_pauseMenuRenderer.cpp">
      <Filter>Generated Files</Filter>
    </ClCompile>
    <CustomBuild Include="debug\moc_predefs.h.cbt">
      <Filter>Generated Files</Filter>
    </CustomBuild>
    <CustomBuild Include="release\moc_predefs.h.cbt">
      <Filter>Generated Files</Filter>
    </CustomBuild>
    <ClCompile Include="debug\moc_sceneManager.cpp">
      <Filter>Generated Files</Filter>
    </ClCompile>
    <ClCompile Include="release\moc_sceneManager.cpp">
      <Filter>Generated Files</Filter>
    </ClCompile>
    <ClCompile Include="debug\moc_toggledbutton.cpp">
      <Filter>Generated Files</Filter>
    </ClCompile>
    <ClCompile Include="release\moc_toggledbutton.cpp">
      <Filter>Generated Files</Filter>
    </ClCompile>
  </ItemGroup>
</Project>